{
  "name": "@jarkkojs/readseek",
  "version": "0.8.10",
  "lockfileVersion": 3,
  "requires": true,
  "packages": {
    "": {
      "name": "@jarkkojs/readseek",
      "version": "0.8.10",
      "license": "Apache-2.0 AND LGPL-2.1-or-later",
      "bin": {
        "readseek": "bin/readseek.js"
      },
      "engines": {
        "node": ">=18"
      },
      "optionalDependencies": {
        "@jarkkojs/readseek-darwin-arm64": "0.8.10",
        "@jarkkojs/readseek-linux-arm64": "0.8.10",
        "@jarkkojs/readseek-linux-x64": "0.8.10",
        "@jarkkojs/readseek-win32-x64": "0.8.10"
      }
    },
    "node_modules/@jarkkojs/readseek-darwin-arm64": {
      "version": "0.8.10",
      "resolved": "https://registry.npmjs.org/@jarkkojs/readseek-darwin-arm64/-/readseek-darwin-arm64-0.8.10.tgz",
      "cpu": [
        "arm64"
      ],
      "license": "Apache-2.0 AND LGPL-2.1-or-later",
      "optional": true,
      "os": [
        "darwin"
      ],
      "bin": {
        "readseek": "bin/readseek"
      },
      "integrity": "sha512-VzE9hRNflKEv1C81gNetX05EmZPEEkkj4m+o9ZcTPzrEwxo77qOu+TQDmQCE2VZAMFKKaY3KpPc+lGRz/B2SKA=="
    },
    "node_modules/@jarkkojs/readseek-linux-arm64": {
      "version": "0.8.10",
      "resolved": "https://registry.npmjs.org/@jarkkojs/readseek-linux-arm64/-/readseek-linux-arm64-0.8.10.tgz",
      "cpu": [
        "arm64"
      ],
      "license": "Apache-2.0 AND LGPL-2.1-or-later",
      "optional": true,
      "os": [
        "linux"
      ],
      "bin": {
        "readseek": "bin/readseek"
      },
      "integrity": "sha512-gtPDHwYDnd1EhSx7G6R5c8pp/4dRO/4KrdqwslKYyDGyNfYNTpjJ/dcKKrHKOyJ46H9x8Tv4ZTLcC64EreTiAg=="
    },
    "node_modules/@jarkkojs/readseek-linux-x64": {
      "version": "0.8.10",
      "resolved": "https://registry.npmjs.org/@jarkkojs/readseek-linux-x64/-/readseek-linux-x64-0.8.10.tgz",
      "cpu": [
        "x64"
      ],
      "license": "Apache-2.0 AND LGPL-2.1-or-later",
      "optional": true,
      "os": [
        "linux"
      ],
      "bin": {
        "readseek": "bin/readseek"
      },
      "integrity": "sha512-/jWQEm0tZoxv8JtOtCsphwZIFrtpsUvqFzLq3fEGgtYqeBbD3SuICMpwqIyZ6dcSAZp1hCtYvpG2zslucm3HYw=="
    },
    "node_modules/@jarkkojs/readseek-win32-x64": {
      "version": "0.8.10",
      "resolved": "https://registry.npmjs.org/@jarkkojs/readseek-win32-x64/-/readseek-win32-x64-0.8.10.tgz",
      "cpu": [
        "x64"
      ],
      "license": "Apache-2.0 AND LGPL-2.1-or-later",
      "optional": true,
      "os": [
        "win32"
      ],
      "bin": {
        "readseek": "bin/readseek.exe"
      },
      "integrity": "sha512-FWwWk2YZ104b3IDTBW9uP9teqnx3u9FZqdrLP1rNnvVstD/+sz80aEvkQyBUEEQ0KQFL6Z6tHe/dfDZ8I1wgkw=="
    }
  }
}
