{
  "name": "@jarkkojs/readseek",
  "version": "0.8.8",
  "lockfileVersion": 3,
  "requires": true,
  "packages": {
    "": {
      "name": "@jarkkojs/readseek",
      "version": "0.8.8",
      "license": "Apache-2.0 AND LGPL-2.1-or-later",
      "bin": {
        "readseek": "bin/readseek.js"
      },
      "engines": {
        "node": ">=18"
      },
      "optionalDependencies": {
        "@jarkkojs/readseek-darwin-arm64": "0.8.8",
        "@jarkkojs/readseek-linux-arm64": "0.8.8",
        "@jarkkojs/readseek-linux-x64": "0.8.8",
        "@jarkkojs/readseek-win32-x64": "0.8.8"
      }
    },
    "node_modules/@jarkkojs/readseek-darwin-arm64": {
      "version": "0.8.8",
      "resolved": "https://registry.npmjs.org/@jarkkojs/readseek-darwin-arm64/-/readseek-darwin-arm64-0.8.8.tgz",
      "cpu": [
        "arm64"
      ],
      "license": "Apache-2.0 AND LGPL-2.1-or-later",
      "optional": true,
      "os": [
        "darwin"
      ],
      "bin": {
        "readseek": "bin/readseek"
      },
      "integrity": "sha512-DGoIQLknMQwhukZtSDhoWtWymV6fSdCGx9gDSO2NULrmCTHAh32Fu2KLCIfF8SrZfAIlCG18RZWoPZuCy6xscw=="
    },
    "node_modules/@jarkkojs/readseek-linux-arm64": {
      "version": "0.8.8",
      "resolved": "https://registry.npmjs.org/@jarkkojs/readseek-linux-arm64/-/readseek-linux-arm64-0.8.8.tgz",
      "cpu": [
        "arm64"
      ],
      "license": "Apache-2.0 AND LGPL-2.1-or-later",
      "optional": true,
      "os": [
        "linux"
      ],
      "bin": {
        "readseek": "bin/readseek"
      },
      "integrity": "sha512-+bOVSJvUM57YUCoclP1iX21k2uW0J0m8rHyHgaPphU6r/PS9RWsnShD4h1uYASH6DLhw1I4ELCTBcIUEqbdjng=="
    },
    "node_modules/@jarkkojs/readseek-linux-x64": {
      "version": "0.8.8",
      "resolved": "https://registry.npmjs.org/@jarkkojs/readseek-linux-x64/-/readseek-linux-x64-0.8.8.tgz",
      "cpu": [
        "x64"
      ],
      "license": "Apache-2.0 AND LGPL-2.1-or-later",
      "optional": true,
      "os": [
        "linux"
      ],
      "bin": {
        "readseek": "bin/readseek"
      },
      "integrity": "sha512-ejE9ki1sPb1rE1e53rcJPCeNRHS333RoibP7CcNALTs6vbfxwZCwKbOhBm7yCePw01/iO8i+AYSS/boDng0mNw=="
    },
    "node_modules/@jarkkojs/readseek-win32-x64": {
      "version": "0.8.8",
      "resolved": "https://registry.npmjs.org/@jarkkojs/readseek-win32-x64/-/readseek-win32-x64-0.8.8.tgz",
      "cpu": [
        "x64"
      ],
      "license": "Apache-2.0 AND LGPL-2.1-or-later",
      "optional": true,
      "os": [
        "win32"
      ],
      "bin": {
        "readseek": "bin/readseek.exe"
      },
      "integrity": "sha512-QOnROvfl9NPzt/cmkzetcnm1QvJGV8vkV7yslMxZ4/ctpoDttRYBnUc9I411+jgifR0XVVMqKxSeUkoEWy7P2A=="
    }
  }
}
