{
  "name": "@jarkkojs/readseek",
  "version": "0.8.9",
  "lockfileVersion": 3,
  "requires": true,
  "packages": {
    "": {
      "name": "@jarkkojs/readseek",
      "version": "0.8.9",
      "license": "Apache-2.0 AND LGPL-2.1-or-later",
      "bin": {
        "readseek": "bin/readseek.js"
      },
      "engines": {
        "node": ">=18"
      },
      "optionalDependencies": {
        "@jarkkojs/readseek-darwin-arm64": "0.8.9",
        "@jarkkojs/readseek-linux-arm64": "0.8.9",
        "@jarkkojs/readseek-linux-x64": "0.8.9",
        "@jarkkojs/readseek-win32-x64": "0.8.9"
      }
    },
    "node_modules/@jarkkojs/readseek-darwin-arm64": {
      "version": "0.8.9",
      "resolved": "https://registry.npmjs.org/@jarkkojs/readseek-darwin-arm64/-/readseek-darwin-arm64-0.8.9.tgz",
      "cpu": [
        "arm64"
      ],
      "license": "Apache-2.0 AND LGPL-2.1-or-later",
      "optional": true,
      "os": [
        "darwin"
      ],
      "bin": {
        "readseek": "bin/readseek"
      },
      "integrity": "sha512-E2X+vhGncypbKAe4yqgtMJCez72MD4LhmIazJVSAmipQ1hijQsgIBI4Xp4+70Q8BP5AV5GRAf6lYco7eWRCiNQ=="
    },
    "node_modules/@jarkkojs/readseek-linux-arm64": {
      "version": "0.8.9",
      "resolved": "https://registry.npmjs.org/@jarkkojs/readseek-linux-arm64/-/readseek-linux-arm64-0.8.9.tgz",
      "cpu": [
        "arm64"
      ],
      "license": "Apache-2.0 AND LGPL-2.1-or-later",
      "optional": true,
      "os": [
        "linux"
      ],
      "bin": {
        "readseek": "bin/readseek"
      },
      "integrity": "sha512-92snPn0CJW2qCPX/NLfA34xdT2qf/4DW5Yzf7i/KzrxpQrPou4ZB/qxtmY5kB6tbQvTV3LXKVv2yA6cF9Q7RPg=="
    },
    "node_modules/@jarkkojs/readseek-linux-x64": {
      "version": "0.8.9",
      "resolved": "https://registry.npmjs.org/@jarkkojs/readseek-linux-x64/-/readseek-linux-x64-0.8.9.tgz",
      "cpu": [
        "x64"
      ],
      "license": "Apache-2.0 AND LGPL-2.1-or-later",
      "optional": true,
      "os": [
        "linux"
      ],
      "bin": {
        "readseek": "bin/readseek"
      },
      "integrity": "sha512-W8m5DxEydocrta33moRCd+5qwDfvf+6Cpf3pUxVoQY8MQwjeY7lNHdSM00M9958dEBhfTmQwR4YU26urcG3Vtg=="
    },
    "node_modules/@jarkkojs/readseek-win32-x64": {
      "version": "0.8.9",
      "resolved": "https://registry.npmjs.org/@jarkkojs/readseek-win32-x64/-/readseek-win32-x64-0.8.9.tgz",
      "cpu": [
        "x64"
      ],
      "license": "Apache-2.0 AND LGPL-2.1-or-later",
      "optional": true,
      "os": [
        "win32"
      ],
      "bin": {
        "readseek": "bin/readseek.exe"
      },
      "integrity": "sha512-Mf/V2RN2JH9i2G7VS/zWOc8ISg0vodN2fJpUT7JdZi60lKF4ET84rk4cYi7lop5LcbbX2SUOpeAopEcAx9rW1g=="
    }
  }
}
